{
  "version": 4,
  "terraform_version": "1.12.1",
  "serial": 11,
  "lineage": "3d60d401-cd57-04f5-4415-9ab67d238c42",
  "outputs": {},
  "resources": [
    {
      "mode": "data",
      "type": "digitalocean_ssh_key",
      "name": "helpstudyme",
      "provider": "provider[\"registry.terraform.io/digitalocean/digitalocean\"]",
      "instances": [
        {
          "schema_version": 0,
          "attributes": {
            "fingerprint": "39:74:6d:59:cb:ba:1a:02:7d:7b:de:c4:23:45:4e:3b",
            "id": 48023555,
            "name": "helpstudyme",
            "public_key": "ssh-ed25519 AAAAC3NzaC1lZDI1NTE5AAAAIMhsZZ8pTfU56VRpldKjVqhE5GfYv/WtMPwLy+CsbbRo"
          },
          "sensitive_attributes": [],
          "identity_schema_version": 0
        }
      ]
    },
    {
      "mode": "managed",
      "type": "digitalocean_droplet",
      "name": "www-1",
      "provider": "provider[\"registry.terraform.io/digitalocean/digitalocean\"]",
      "instances": [
        {
          "schema_version": 1,
          "attributes": {
            "backup_policy": [],
            "backups": false,
            "created_at": "2025-05-30T18:31:39Z",
            "disk": 25,
            "droplet_agent": null,
            "graceful_shutdown": false,
            "id": "499354719",
            "image": "ubuntu-20-04-x64",
            "ipv4_address": "142.93.65.148",
            "ipv4_address_private": "10.108.0.2",
            "ipv6": false,
            "ipv6_address": "",
            "locked": false,
            "memory": 1024,
            "monitoring": false,
            "name": "www-1",
            "price_hourly": 0.00893,
            "price_monthly": 6,
            "private_networking": true,
            "region": "nyc3",
            "resize_disk": true,
            "size": "s-1vcpu-1gb",
            "ssh_keys": [
              "48023555"
            ],
            "status": "active",
            "tags": null,
            "timeouts": null,
            "urn": "do:droplet:499354719",
            "user_data": null,
            "vcpus": 1,
            "volume_ids": [],
            "vpc_uuid": "a38c6fb2-c36a-40ab-a64c-54f4916546dc"
          },
          "sensitive_attributes": [],
          "identity_schema_version": 0,
          "private": "eyJlMmJmYjczMC1lY2FhLTExZTYtOGY4OC0zNDM2M2JjN2M0YzAiOnsiY3JlYXRlIjozNjAwMDAwMDAwMDAwLCJkZWxldGUiOjYwMDAwMDAwMDAwLCJ1cGRhdGUiOjM2MDAwMDAwMDAwMDB9LCJzY2hlbWFfdmVyc2lvbiI6IjEifQ==",
          "dependencies": [
            "data.digitalocean_ssh_key.helpstudyme"
          ]
        }
      ]
    }
  ],
  "check_results": null
}
